{
  "requires": true,
  "lockfileVersion": 1,
  "dependencies": {
    "yh-plugin-project": {
      "version": "1.0.8",
      "resolved": "https://registry.npmjs.org/yh-plugin-project/-/yh-plugin-project-1.0.8.tgz",
      "integrity": "sha512-3s66K+791GXeGzKTPPqZ8CBsR5yAHpe2ETkbUbv5eIfhNHRtCikMy/0tusorhwIOlw3BzbPa3q1MDxNnRG57eA=="
    }
  }
}
